{
  "object": {
    "pins": [
      {
        "package": "CareKit",
        "repositoryURL": "https://github.com/carekit-apple/CareKit",
        "state": {
          "branch": "main",
          "revision": "905a59117c0f63cdeb01db8eddc5e89a30e94eb5",
          "version": null
        }
      },
      {
        "package": "SwiftUICharts",
        "repositoryURL": "https://github.com/AppPear/ChartView",
        "state": {
          "branch": null,
          "revision": "9115a992c91fa19cbb4f2241084240d38654a1fc",
          "version": "1.5.5"
        }
      },
      {
        "package": "FHIRModels",
        "repositoryURL": "https://github.com/apple/FHIRModels.git",
        "state": {
          "branch": null,
          "revision": "c91e5bb74397136f79656bebdfda76a523d3e88c",
          "version": "0.3.2"
        }
      }
    ]
  },
  "version": 1
}
